
Microsoft Visual Studio Solution File, Format Version 12.00
Project("{2150E333-8FDC-42A3-9474-1A3956D46DE8}") = "[Documentation]", "[Documentation]", "{EC849958-EC79-4466-8CE5-EB7372B69C5B}"
	ProjectSection(SolutionItems) = preProject
		LICENSE = LICENSE
		README.md = README.md
	EndProjectSection
EndProject
Project("{FAE04EC0-301F-11D3-BF4B-00C04F79EFBC}") = "LinqApplyIf", "src\LinqApplyIf\LinqApplyIf.csproj", "{B7E185F2-2E1A-4C5E-957B-9EF912A28C52}"
EndProject
Global
	GlobalSection(SolutionConfigurationPlatforms) = preSolution
		Debug|Any CPU = Debug|Any CPU
		Release|Any CPU = Release|Any CPU
	EndGlobalSection
	GlobalSection(ProjectConfigurationPlatforms) = postSolution
		{B7E185F2-2E1A-4C5E-957B-9EF912A28C52}.Debug|Any CPU.ActiveCfg = Debug|Any CPU
		{B7E185F2-2E1A-4C5E-957B-9EF912A28C52}.Debug|Any CPU.Build.0 = Debug|Any CPU
		{B7E185F2-2E1A-4C5E-957B-9EF912A28C52}.Release|Any CPU.ActiveCfg = Release|Any CPU
		{B7E185F2-2E1A-4C5E-957B-9EF912A28C52}.Release|Any CPU.Build.0 = Release|Any CPU
	EndGlobalSection
EndGlobal
